PODS:
  - boost (1.76.0)
  - CocoaAsyncSocket (7.6.5)
  - DoubleConversion (1.1.6)
  - FBLazyVector (1000.0.0)
  - FBReactNativeSpec (1000.0.0):
    - RCT-Folly (= 2021.07.22.00)
    - RCTRequired (= 1000.0.0)
    - RCTTypeSafety (= 1000.0.0)
    - React-Core (= 1000.0.0)
    - React-jsi (= 1000.0.0)
    - ReactCommon/turbomodule/core (= 1000.0.0)
  - Flipper (0.125.0):
    - Flipper-Folly (~> 2.6)
    - Flipper-RSocket (~> 1.4)
  - Flipper-Boost-iOSX (1.76.0.1.11)
  - Flipper-DoubleConversion (3.2.0.1)
  - Flipper-Fmt (7.1.7)
  - Flipper-Folly (2.6.10):
    - Flipper-Boost-iOSX
    - Flipper-DoubleConversion
    - Flipper-Fmt (= 7.1.7)
    - Flipper-Glog
    - libevent (~> 2.1.12)
    - OpenSSL-Universal (= 1.1.1100)
  - Flipper-Glog (0.5.0.5)
  - Flipper-PeerTalk (0.0.4)
  - Flipper-RSocket (1.4.3):
    - Flipper-Folly (~> 2.6)
  - FlipperKit (0.125.0):
    - FlipperKit/Core (= 0.125.0)
  - FlipperKit/Core (0.125.0):
    - Flipper (~> 0.125.0)
    - FlipperKit/CppBridge
    - FlipperKit/FBCxxFollyDynamicConvert
    - FlipperKit/FBDefines
    - FlipperKit/FKPortForwarding
    - SocketRocket (~> 0.6.0)
  - FlipperKit/CppBridge (0.125.0):
    - Flipper (~> 0.125.0)
  - FlipperKit/FBCxxFollyDynamicConvert (0.125.0):
    - Flipper-Folly (~> 2.6)
  - FlipperKit/FBDefines (0.125.0)
  - FlipperKit/FKPortForwarding (0.125.0):
    - CocoaAsyncSocket (~> 7.6)
    - Flipper-PeerTalk (~> 0.0.4)
  - FlipperKit/FlipperKitHighlightOverlay (0.125.0)
  - FlipperKit/FlipperKitLayoutHelpers (0.125.0):
    - FlipperKit/Core
    - FlipperKit/FlipperKitHighlightOverlay
    - FlipperKit/FlipperKitLayoutTextSearchable
  - FlipperKit/FlipperKitLayoutIOSDescriptors (0.125.0):
    - FlipperKit/Core
    - FlipperKit/FlipperKitHighlightOverlay
    - FlipperKit/FlipperKitLayoutHelpers
    - YogaKit (~> 1.18)
  - FlipperKit/FlipperKitLayoutPlugin (0.125.0):
    - FlipperKit/Core
    - FlipperKit/FlipperKitHighlightOverlay
    - FlipperKit/FlipperKitLayoutHelpers
    - FlipperKit/FlipperKitLayoutIOSDescriptors
    - FlipperKit/FlipperKitLayoutTextSearchable
    - YogaKit (~> 1.18)
  - FlipperKit/FlipperKitLayoutTextSearchable (0.125.0)
  - FlipperKit/FlipperKitNetworkPlugin (0.125.0):
    - FlipperKit/Core
  - FlipperKit/FlipperKitReactPlugin (0.125.0):
    - FlipperKit/Core
  - FlipperKit/FlipperKitUserDefaultsPlugin (0.125.0):
    - FlipperKit/Core
  - FlipperKit/SKIOSNetworkPlugin (0.125.0):
    - FlipperKit/Core
    - FlipperKit/FlipperKitNetworkPlugin
  - fmt (6.2.1)
  - glog (0.3.5)
  - hermes-engine (1000.0.0)
  - libevent (2.1.12)
  - OpenSSL-Universal (1.1.1100)
  - RCT-Folly (2021.07.22.00):
    - boost
    - DoubleConversion
    - fmt (~> 6.2.1)
    - glog
    - RCT-Folly/Default (= 2021.07.22.00)
  - RCT-Folly/Default (2021.07.22.00):
    - boost
    - DoubleConversion
    - fmt (~> 6.2.1)
    - glog
  - RCT-Folly/Fabric (2021.07.22.00):
    - boost
    - DoubleConversion
    - fmt (~> 6.2.1)
    - glog
  - RCT-Folly/Futures (2021.07.22.00):
    - boost
    - DoubleConversion
    - fmt (~> 6.2.1)
    - glog
    - libevent
  - RCTRequired (1000.0.0)
  - RCTTypeSafety (1000.0.0):
    - FBLazyVector (= 1000.0.0)
    - RCTRequired (= 1000.0.0)
    - React-Core (= 1000.0.0)
  - React (1000.0.0):
    - React-Core (= 1000.0.0)
    - React-Core/DevSupport (= 1000.0.0)
    - React-Core/RCTWebSocket (= 1000.0.0)
    - React-RCTActionSheet (= 1000.0.0)
    - React-RCTAnimation (= 1000.0.0)
    - React-RCTBlob (= 1000.0.0)
    - React-RCTImage (= 1000.0.0)
    - React-RCTLinking (= 1000.0.0)
    - React-RCTNetwork (= 1000.0.0)
    - React-RCTSettings (= 1000.0.0)
    - React-RCTText (= 1000.0.0)
    - React-RCTVibration (= 1000.0.0)
  - React-bridging (1000.0.0):
    - RCT-Folly (= 2021.07.22.00)
    - React-jsi (= 1000.0.0)
  - React-callinvoker (1000.0.0)
  - React-Codegen (1000.0.0):
    - FBReactNativeSpec (= 1000.0.0)
    - RCT-Folly (= 2021.07.22.00)
    - RCTRequired (= 1000.0.0)
    - RCTTypeSafety (= 1000.0.0)
    - React-Core (= 1000.0.0)
    - React-graphics (= 1000.0.0)
    - React-jsi (= 1000.0.0)
    - React-jsiexecutor (= 1000.0.0)
    - React-rncore (= 1000.0.0)
    - ReactCommon/turbomodule/core (= 1000.0.0)
  - React-Core (1000.0.0):
    - glog
    - RCT-Folly (= 2021.07.22.00)
    - React-Core/Default (= 1000.0.0)
    - React-cxxreact (= 1000.0.0)
    - React-jsi (= 1000.0.0)
    - React-jsiexecutor (= 1000.0.0)
    - React-perflogger (= 1000.0.0)
    - Yoga
  - React-Core/CoreModulesHeaders (1000.0.0):
    - glog
    - RCT-Folly (= 2021.07.22.00)
    - React-Core/Default
    - React-cxxreact (= 1000.0.0)
    - React-jsi (= 1000.0.0)
    - React-jsiexecutor (= 1000.0.0)
    - React-perflogger (= 1000.0.0)
    - Yoga
  - React-Core/Default (1000.0.0):
    - glog
    - RCT-Folly (= 2021.07.22.00)
    - React-cxxreact (= 1000.0.0)
    - React-jsi (= 1000.0.0)
    - React-jsiexecutor (= 1000.0.0)
    - React-perflogger (= 1000.0.0)
    - Yoga
  - React-Core/DevSupport (1000.0.0):
    - glog
    - RCT-Folly (= 2021.07.22.00)
    - React-Core/Default (= 1000.0.0)
    - React-Core/RCTWebSocket (= 1000.0.0)
    - React-cxxreact (= 1000.0.0)
    - React-jsi (= 1000.0.0)
    - React-jsiexecutor (= 1000.0.0)
    - React-jsinspector (= 1000.0.0)
    - React-perflogger (= 1000.0.0)
    - Yoga
  - React-Core/RCTActionSheetHeaders (1000.0.0):
    - glog
    - RCT-Folly (= 2021.07.22.00)
    - React-Core/Default
    - React-cxxreact (= 1000.0.0)
    - React-jsi (= 1000.0.0)
    - React-jsiexecutor (= 1000.0.0)
    - React-perflogger (= 1000.0.0)
    - Yoga
  - React-Core/RCTAnimationHeaders (1000.0.0):
    - glog
    - RCT-Folly (= 2021.07.22.00)
    - React-Core/Default
    - React-cxxreact (= 1000.0.0)
    - React-jsi (= 1000.0.0)
    - React-jsiexecutor (= 1000.0.0)
    - React-perflogger (= 1000.0.0)
    - Yoga
  - React-Core/RCTBlobHeaders (1000.0.0):
    - glog
    - RCT-Folly (= 2021.07.22.00)
    - React-Core/Default
    - React-cxxreact (= 1000.0.0)
    - React-jsi (= 1000.0.0)
    - React-jsiexecutor (= 1000.0.0)
    - React-perflogger (= 1000.0.0)
    - Yoga
  - React-Core/RCTImageHeaders (1000.0.0):
    - glog
    - RCT-Folly (= 2021.07.22.00)
    - React-Core/Default
    - React-cxxreact (= 1000.0.0)
    - React-jsi (= 1000.0.0)
    - React-jsiexecutor (= 1000.0.0)
    - React-perflogger (= 1000.0.0)
    - Yoga
  - React-Core/RCTLinkingHeaders (1000.0.0):
    - glog
    - RCT-Folly (= 2021.07.22.00)
    - React-Core/Default
    - React-cxxreact (= 1000.0.0)
    - React-jsi (= 1000.0.0)
    - React-jsiexecutor (= 1000.0.0)
    - React-perflogger (= 1000.0.0)
    - Yoga
  - React-Core/RCTNetworkHeaders (1000.0.0):
    - glog
    - RCT-Folly (= 2021.07.22.00)
    - React-Core/Default
    - React-cxxreact (= 1000.0.0)
    - React-jsi (= 1000.0.0)
    - React-jsiexecutor (= 1000.0.0)
    - React-perflogger (= 1000.0.0)
    - Yoga
  - React-Core/RCTPushNotificationHeaders (1000.0.0):
    - glog
    - RCT-Folly (= 2021.07.22.00)
    - React-Core/Default
    - React-cxxreact (= 1000.0.0)
    - React-jsi (= 1000.0.0)
    - React-jsiexecutor (= 1000.0.0)
    - React-perflogger (= 1000.0.0)
    - Yoga
  - React-Core/RCTSettingsHeaders (1000.0.0):
    - glog
    - RCT-Folly (= 2021.07.22.00)
    - React-Core/Default
    - React-cxxreact (= 1000.0.0)
    - React-jsi (= 1000.0.0)
    - React-jsiexecutor (= 1000.0.0)
    - React-perflogger (= 1000.0.0)
    - Yoga
  - React-Core/RCTTextHeaders (1000.0.0):
    - glog
    - RCT-Folly (= 2021.07.22.00)
    - React-Core/Default
    - React-cxxreact (= 1000.0.0)
    - React-jsi (= 1000.0.0)
    - React-jsiexecutor (= 1000.0.0)
    - React-perflogger (= 1000.0.0)
    - Yoga
  - React-Core/RCTVibrationHeaders (1000.0.0):
    - glog
    - RCT-Folly (= 2021.07.22.00)
    - React-Core/Default
    - React-cxxreact (= 1000.0.0)
    - React-jsi (= 1000.0.0)
    - React-jsiexecutor (= 1000.0.0)
    - React-perflogger (= 1000.0.0)
    - Yoga
  - React-Core/RCTWebSocket (1000.0.0):
    - glog
    - RCT-Folly (= 2021.07.22.00)
    - React-Core/Default (= 1000.0.0)
    - React-cxxreact (= 1000.0.0)
    - React-jsi (= 1000.0.0)
    - React-jsiexecutor (= 1000.0.0)
    - React-perflogger (= 1000.0.0)
    - Yoga
  - React-CoreModules (1000.0.0):
    - RCT-Folly (= 2021.07.22.00)
    - RCTTypeSafety (= 1000.0.0)
    - React-Codegen (= 1000.0.0)
    - React-Core/CoreModulesHeaders (= 1000.0.0)
    - React-jsi (= 1000.0.0)
    - React-RCTImage (= 1000.0.0)
    - ReactCommon/turbomodule/core (= 1000.0.0)
  - React-cxxreact (1000.0.0):
    - boost (= 1.76.0)
    - DoubleConversion
    - glog
    - RCT-Folly (= 2021.07.22.00)
    - React-callinvoker (= 1000.0.0)
    - React-jsi (= 1000.0.0)
    - React-jsinspector (= 1000.0.0)
    - React-logger (= 1000.0.0)
    - React-perflogger (= 1000.0.0)
    - React-runtimeexecutor (= 1000.0.0)
  - React-Fabric (1000.0.0):
    - RCT-Folly/Fabric (= 2021.07.22.00)
    - RCTRequired (= 1000.0.0)
    - RCTTypeSafety (= 1000.0.0)
    - React-Fabric/animations (= 1000.0.0)
    - React-Fabric/attributedstring (= 1000.0.0)
    - React-Fabric/butter (= 1000.0.0)
    - React-Fabric/componentregistry (= 1000.0.0)
    - React-Fabric/componentregistrynative (= 1000.0.0)
    - React-Fabric/components (= 1000.0.0)
    - React-Fabric/config (= 1000.0.0)
    - React-Fabric/core (= 1000.0.0)
    - React-Fabric/debug_core (= 1000.0.0)
    - React-Fabric/debug_renderer (= 1000.0.0)
    - React-Fabric/imagemanager (= 1000.0.0)
    - React-Fabric/leakchecker (= 1000.0.0)
    - React-Fabric/mounting (= 1000.0.0)
    - React-Fabric/runtimescheduler (= 1000.0.0)
    - React-Fabric/scheduler (= 1000.0.0)
    - React-Fabric/telemetry (= 1000.0.0)
    - React-Fabric/templateprocessor (= 1000.0.0)
    - React-Fabric/textlayoutmanager (= 1000.0.0)
    - React-Fabric/uimanager (= 1000.0.0)
    - React-Fabric/utils (= 1000.0.0)
    - React-graphics (= 1000.0.0)
    - React-jsi (= 1000.0.0)
    - React-jsiexecutor (= 1000.0.0)
    - ReactCommon/turbomodule/core (= 1000.0.0)
  - React-Fabric/animations (1000.0.0):
    - RCT-Folly/Fabric (= 2021.07.22.00)
    - RCTRequired (= 1000.0.0)
    - RCTTypeSafety (= 1000.0.0)
    - React-graphics (= 1000.0.0)
    - React-jsi (= 1000.0.0)
    - React-jsiexecutor (= 1000.0.0)
    - ReactCommon/turbomodule/core (= 1000.0.0)
  - React-Fabric/attributedstring (1000.0.0):
    - RCT-Folly/Fabric (= 2021.07.22.00)
    - RCTRequired (= 1000.0.0)
    - RCTTypeSafety (= 1000.0.0)
    - React-graphics (= 1000.0.0)
    - React-jsi (= 1000.0.0)
    - React-jsiexecutor (= 1000.0.0)
    - ReactCommon/turbomodule/core (= 1000.0.0)
  - React-Fabric/butter (1000.0.0):
    - RCT-Folly/Fabric (= 2021.07.22.00)
    - RCTRequired (= 1000.0.0)
    - RCTTypeSafety (= 1000.0.0)
    - React-graphics (= 1000.0.0)
    - React-jsi (= 1000.0.0)
    - React-jsiexecutor (= 1000.0.0)
    - ReactCommon/turbomodule/core (= 1000.0.0)
  - React-Fabric/componentregistry (1000.0.0):
    - RCT-Folly/Fabric (= 2021.07.22.00)
    - RCTRequired (= 1000.0.0)
    - RCTTypeSafety (= 1000.0.0)
    - React-graphics (= 1000.0.0)
    - React-jsi (= 1000.0.0)
    - React-jsiexecutor (= 1000.0.0)
    - ReactCommon/turbomodule/core (= 1000.0.0)
  - React-Fabric/componentregistrynative (1000.0.0):
    - RCT-Folly/Fabric (= 2021.07.22.00)
    - RCTRequired (= 1000.0.0)
    - RCTTypeSafety (= 1000.0.0)
    - React-graphics (= 1000.0.0)
    - React-jsi (= 1000.0.0)
    - React-jsiexecutor (= 1000.0.0)
    - ReactCommon/turbomodule/core (= 1000.0.0)
  - React-Fabric/components (1000.0.0):
    - RCT-Folly/Fabric (= 2021.07.22.00)
    - RCTRequired (= 1000.0.0)
    - RCTTypeSafety (= 1000.0.0)
    - React-Fabric/components/activityindicator (= 1000.0.0)
    - React-Fabric/components/image (= 1000.0.0)
    - React-Fabric/components/inputaccessory (= 1000.0.0)
    - React-Fabric/components/legacyviewmanagerinterop (= 1000.0.0)
    - React-Fabric/components/modal (= 1000.0.0)
    - React-Fabric/components/root (= 1000.0.0)
    - React-Fabric/components/safeareaview (= 1000.0.0)
    - React-Fabric/components/scrollview (= 1000.0.0)
    - React-Fabric/components/slider (= 1000.0.0)
    - React-Fabric/components/text (= 1000.0.0)
    - React-Fabric/components/textinput (= 1000.0.0)
    - React-Fabric/components/unimplementedview (= 1000.0.0)
    - React-Fabric/components/view (= 1000.0.0)
    - React-graphics (= 1000.0.0)
    - React-jsi (= 1000.0.0)
    - React-jsiexecutor (= 1000.0.0)
    - ReactCommon/turbomodule/core (= 1000.0.0)
  - React-Fabric/components/activityindicator (1000.0.0):
    - RCT-Folly/Fabric (= 2021.07.22.00)
    - RCTRequired (= 1000.0.0)
    - RCTTypeSafety (= 1000.0.0)
    - React-graphics (= 1000.0.0)
    - React-jsi (= 1000.0.0)
    - React-jsiexecutor (= 1000.0.0)
    - ReactCommon/turbomodule/core (= 1000.0.0)
  - React-Fabric/components/image (1000.0.0):
    - RCT-Folly/Fabric (= 2021.07.22.00)
    - RCTRequired (= 1000.0.0)
    - RCTTypeSafety (= 1000.0.0)
    - React-graphics (= 1000.0.0)
    - React-jsi (= 1000.0.0)
    - React-jsiexecutor (= 1000.0.0)
    - ReactCommon/turbomodule/core (= 1000.0.0)
  - React-Fabric/components/inputaccessory (1000.0.0):
    - RCT-Folly/Fabric (= 2021.07.22.00)
    - RCTRequired (= 1000.0.0)
    - RCTTypeSafety (= 1000.0.0)
    - React-graphics (= 1000.0.0)
    - React-jsi (= 1000.0.0)
    - React-jsiexecutor (= 1000.0.0)
    - ReactCommon/turbomodule/core (= 1000.0.0)
  - React-Fabric/components/legacyviewmanagerinterop (1000.0.0):
    - RCT-Folly/Fabric (= 2021.07.22.00)
    - RCTRequired (= 1000.0.0)
    - RCTTypeSafety (= 1000.0.0)
    - React-graphics (= 1000.0.0)
    - React-jsi (= 1000.0.0)
    - React-jsiexecutor (= 1000.0.0)
    - ReactCommon/turbomodule/core (= 1000.0.0)
  - React-Fabric/components/modal (1000.0.0):
    - RCT-Folly/Fabric (= 2021.07.22.00)
    - RCTRequired (= 1000.0.0)
    - RCTTypeSafety (= 1000.0.0)
    - React-graphics (= 1000.0.0)
    - React-jsi (= 1000.0.0)
    - React-jsiexecutor (= 1000.0.0)
    - ReactCommon/turbomodule/core (= 1000.0.0)
  - React-Fabric/components/root (1000.0.0):
    - RCT-Folly/Fabric (= 2021.07.22.00)
    - RCTRequired (= 1000.0.0)
    - RCTTypeSafety (= 1000.0.0)
    - React-graphics (= 1000.0.0)
    - React-jsi (= 1000.0.0)
    - React-jsiexecutor (= 1000.0.0)
    - ReactCommon/turbomodule/core (= 1000.0.0)
  - React-Fabric/components/safeareaview (1000.0.0):
    - RCT-Folly/Fabric (= 2021.07.22.00)
    - RCTRequired (= 1000.0.0)
    - RCTTypeSafety (= 1000.0.0)
    - React-graphics (= 1000.0.0)
    - React-jsi (= 1000.0.0)
    - React-jsiexecutor (= 1000.0.0)
    - ReactCommon/turbomodule/core (= 1000.0.0)
  - React-Fabric/components/scrollview (1000.0.0):
    - RCT-Folly/Fabric (= 2021.07.22.00)
    - RCTRequired (= 1000.0.0)
    - RCTTypeSafety (= 1000.0.0)
    - React-graphics (= 1000.0.0)
    - React-jsi (= 1000.0.0)
    - React-jsiexecutor (= 1000.0.0)
    - ReactCommon/turbomodule/core (= 1000.0.0)
  - React-Fabric/components/slider (1000.0.0):
    - RCT-Folly/Fabric (= 2021.07.22.00)
    - RCTRequired (= 1000.0.0)
    - RCTTypeSafety (= 1000.0.0)
    - React-graphics (= 1000.0.0)
    - React-jsi (= 1000.0.0)
    - React-jsiexecutor (= 1000.0.0)
    - ReactCommon/turbomodule/core (= 1000.0.0)
  - React-Fabric/components/text (1000.0.0):
    - RCT-Folly/Fabric (= 2021.07.22.00)
    - RCTRequired (= 1000.0.0)
    - RCTTypeSafety (= 1000.0.0)
    - React-graphics (= 1000.0.0)
    - React-jsi (= 1000.0.0)
    - React-jsiexecutor (= 1000.0.0)
    - ReactCommon/turbomodule/core (= 1000.0.0)
  - React-Fabric/components/textinput (1000.0.0):
    - RCT-Folly/Fabric (= 2021.07.22.00)
    - RCTRequired (= 1000.0.0)
    - RCTTypeSafety (= 1000.0.0)
    - React-graphics (= 1000.0.0)
    - React-jsi (= 1000.0.0)
    - React-jsiexecutor (= 1000.0.0)
    - ReactCommon/turbomodule/core (= 1000.0.0)
  - React-Fabric/components/unimplementedview (1000.0.0):
    - RCT-Folly/Fabric (= 2021.07.22.00)
    - RCTRequired (= 1000.0.0)
    - RCTTypeSafety (= 1000.0.0)
    - React-graphics (= 1000.0.0)
    - React-jsi (= 1000.0.0)
    - React-jsiexecutor (= 1000.0.0)
    - ReactCommon/turbomodule/core (= 1000.0.0)
  - React-Fabric/components/view (1000.0.0):
    - RCT-Folly/Fabric (= 2021.07.22.00)
    - RCTRequired (= 1000.0.0)
    - RCTTypeSafety (= 1000.0.0)
    - React-graphics (= 1000.0.0)
    - React-jsi (= 1000.0.0)
    - React-jsiexecutor (= 1000.0.0)
    - ReactCommon/turbomodule/core (= 1000.0.0)
    - Yoga
  - React-Fabric/config (1000.0.0):
    - RCT-Folly/Fabric (= 2021.07.22.00)
    - RCTRequired (= 1000.0.0)
    - RCTTypeSafety (= 1000.0.0)
    - React-graphics (= 1000.0.0)
    - React-jsi (= 1000.0.0)
    - React-jsiexecutor (= 1000.0.0)
    - ReactCommon/turbomodule/core (= 1000.0.0)
  - React-Fabric/core (1000.0.0):
    - RCT-Folly/Fabric (= 2021.07.22.00)
    - RCTRequired (= 1000.0.0)
    - RCTTypeSafety (= 1000.0.0)
    - React-graphics (= 1000.0.0)
    - React-jsi (= 1000.0.0)
    - React-jsiexecutor (= 1000.0.0)
    - ReactCommon/turbomodule/core (= 1000.0.0)
  - React-Fabric/debug_core (1000.0.0):
    - RCT-Folly/Fabric (= 2021.07.22.00)
    - RCTRequired (= 1000.0.0)
    - RCTTypeSafety (= 1000.0.0)
    - React-graphics (= 1000.0.0)
    - React-jsi (= 1000.0.0)
    - React-jsiexecutor (= 1000.0.0)
    - ReactCommon/turbomodule/core (= 1000.0.0)
  - React-Fabric/debug_renderer (1000.0.0):
    - RCT-Folly/Fabric (= 2021.07.22.00)
    - RCTRequired (= 1000.0.0)
    - RCTTypeSafety (= 1000.0.0)
    - React-graphics (= 1000.0.0)
    - React-jsi (= 1000.0.0)
    - React-jsiexecutor (= 1000.0.0)
    - ReactCommon/turbomodule/core (= 1000.0.0)
  - React-Fabric/imagemanager (1000.0.0):
    - RCT-Folly/Fabric (= 2021.07.22.00)
    - RCTRequired (= 1000.0.0)
    - RCTTypeSafety (= 1000.0.0)
    - React-graphics (= 1000.0.0)
    - React-jsi (= 1000.0.0)
    - React-jsiexecutor (= 1000.0.0)
    - React-RCTImage (= 1000.0.0)
    - ReactCommon/turbomodule/core (= 1000.0.0)
  - React-Fabric/leakchecker (1000.0.0):
    - RCT-Folly/Fabric (= 2021.07.22.00)
    - RCTRequired (= 1000.0.0)
    - RCTTypeSafety (= 1000.0.0)
    - React-graphics (= 1000.0.0)
    - React-jsi (= 1000.0.0)
    - React-jsiexecutor (= 1000.0.0)
    - ReactCommon/turbomodule/core (= 1000.0.0)
  - React-Fabric/mounting (1000.0.0):
    - RCT-Folly/Fabric (= 2021.07.22.00)
    - RCTRequired (= 1000.0.0)
    - RCTTypeSafety (= 1000.0.0)
    - React-graphics (= 1000.0.0)
    - React-jsi (= 1000.0.0)
    - React-jsiexecutor (= 1000.0.0)
    - ReactCommon/turbomodule/core (= 1000.0.0)
  - React-Fabric/runtimescheduler (1000.0.0):
    - RCT-Folly/Fabric (= 2021.07.22.00)
    - RCTRequired (= 1000.0.0)
    - RCTTypeSafety (= 1000.0.0)
    - React-graphics (= 1000.0.0)
    - React-jsi (= 1000.0.0)
    - React-jsiexecutor (= 1000.0.0)
    - ReactCommon/turbomodule/core (= 1000.0.0)
  - React-Fabric/scheduler (1000.0.0):
    - RCT-Folly/Fabric (= 2021.07.22.00)
    - RCTRequired (= 1000.0.0)
    - RCTTypeSafety (= 1000.0.0)
    - React-graphics (= 1000.0.0)
    - React-jsi (= 1000.0.0)
    - React-jsiexecutor (= 1000.0.0)
    - ReactCommon/turbomodule/core (= 1000.0.0)
  - React-Fabric/telemetry (1000.0.0):
    - RCT-Folly/Fabric (= 2021.07.22.00)
    - RCTRequired (= 1000.0.0)
    - RCTTypeSafety (= 1000.0.0)
    - React-graphics (= 1000.0.0)
    - React-jsi (= 1000.0.0)
    - React-jsiexecutor (= 1000.0.0)
    - ReactCommon/turbomodule/core (= 1000.0.0)
  - React-Fabric/templateprocessor (1000.0.0):
    - RCT-Folly/Fabric (= 2021.07.22.00)
    - RCTRequired (= 1000.0.0)
    - RCTTypeSafety (= 1000.0.0)
    - React-graphics (= 1000.0.0)
    - React-jsi (= 1000.0.0)
    - React-jsiexecutor (= 1000.0.0)
    - ReactCommon/turbomodule/core (= 1000.0.0)
  - React-Fabric/textlayoutmanager (1000.0.0):
    - RCT-Folly/Fabric (= 2021.07.22.00)
    - RCTRequired (= 1000.0.0)
    - RCTTypeSafety (= 1000.0.0)
    - React-Fabric/uimanager
    - React-graphics (= 1000.0.0)
    - React-jsi (= 1000.0.0)
    - React-jsiexecutor (= 1000.0.0)
    - ReactCommon/turbomodule/core (= 1000.0.0)
  - React-Fabric/uimanager (1000.0.0):
    - RCT-Folly/Fabric (= 2021.07.22.00)
    - RCTRequired (= 1000.0.0)
    - RCTTypeSafety (= 1000.0.0)
    - React-graphics (= 1000.0.0)
    - React-jsi (= 1000.0.0)
    - React-jsiexecutor (= 1000.0.0)
    - ReactCommon/turbomodule/core (= 1000.0.0)
  - React-Fabric/utils (1000.0.0):
    - RCT-Folly/Fabric (= 2021.07.22.00)
    - RCTRequired (= 1000.0.0)
    - RCTTypeSafety (= 1000.0.0)
    - React-graphics (= 1000.0.0)
    - React-jsi (= 1000.0.0)
    - React-jsiexecutor (= 1000.0.0)
    - ReactCommon/turbomodule/core (= 1000.0.0)
  - React-graphics (1000.0.0):
    - RCT-Folly/Fabric (= 2021.07.22.00)
    - React-Core/Default (= 1000.0.0)
  - React-hermes (1000.0.0):
    - DoubleConversion
    - glog
    - hermes-engine
    - RCT-Folly (= 2021.07.22.00)
    - RCT-Folly/Futures (= 2021.07.22.00)
    - React-cxxreact (= 1000.0.0)
    - React-jsi (= 1000.0.0)
    - React-jsiexecutor (= 1000.0.0)
    - React-jsinspector (= 1000.0.0)
    - React-perflogger (= 1000.0.0)
  - React-jsi (1000.0.0):
    - boost (= 1.76.0)
    - DoubleConversion
    - glog
    - RCT-Folly (= 2021.07.22.00)
    - React-jsi/Default (= 1000.0.0)
  - React-jsi/Default (1000.0.0):
    - boost (= 1.76.0)
    - DoubleConversion
    - glog
    - RCT-Folly (= 2021.07.22.00)
  - React-jsi/Fabric (1000.0.0):
    - boost (= 1.76.0)
    - DoubleConversion
    - glog
    - RCT-Folly (= 2021.07.22.00)
  - React-jsiexecutor (1000.0.0):
    - DoubleConversion
    - glog
    - RCT-Folly (= 2021.07.22.00)
    - React-cxxreact (= 1000.0.0)
    - React-jsi (= 1000.0.0)
    - React-perflogger (= 1000.0.0)
  - React-jsinspector (1000.0.0)
  - React-logger (1000.0.0):
    - glog
  - React-perflogger (1000.0.0)
  - React-RCTActionSheet (1000.0.0):
    - React-Core/RCTActionSheetHeaders (= 1000.0.0)
  - React-RCTAnimation (1000.0.0):
    - RCT-Folly (= 2021.07.22.00)
    - RCTTypeSafety (= 1000.0.0)
    - React-Codegen (= 1000.0.0)
    - React-Core/RCTAnimationHeaders (= 1000.0.0)
    - React-jsi (= 1000.0.0)
    - ReactCommon/turbomodule/core (= 1000.0.0)
  - React-RCTBlob (1000.0.0):
    - RCT-Folly (= 2021.07.22.00)
    - React-Codegen (= 1000.0.0)
    - React-Core/RCTBlobHeaders (= 1000.0.0)
    - React-Core/RCTWebSocket (= 1000.0.0)
    - React-jsi (= 1000.0.0)
    - React-RCTNetwork (= 1000.0.0)
    - ReactCommon/turbomodule/core (= 1000.0.0)
  - React-RCTFabric (1000.0.0):
    - RCT-Folly/Fabric (= 2021.07.22.00)
    - React-Core (= 1000.0.0)
    - React-Fabric (= 1000.0.0)
    - React-RCTImage (= 1000.0.0)
  - React-RCTImage (1000.0.0):
    - RCT-Folly (= 2021.07.22.00)
    - RCTTypeSafety (= 1000.0.0)
    - React-Codegen (= 1000.0.0)
    - React-Core/RCTImageHeaders (= 1000.0.0)
    - React-jsi (= 1000.0.0)
    - React-RCTNetwork (= 1000.0.0)
    - ReactCommon/turbomodule/core (= 1000.0.0)
  - React-RCTLinking (1000.0.0):
    - React-Codegen (= 1000.0.0)
    - React-Core/RCTLinkingHeaders (= 1000.0.0)
    - React-jsi (= 1000.0.0)
    - ReactCommon/turbomodule/core (= 1000.0.0)
  - React-RCTNetwork (1000.0.0):
    - RCT-Folly (= 2021.07.22.00)
    - RCTTypeSafety (= 1000.0.0)
    - React-Codegen (= 1000.0.0)
    - React-Core/RCTNetworkHeaders (= 1000.0.0)
    - React-jsi (= 1000.0.0)
    - ReactCommon/turbomodule/core (= 1000.0.0)
  - React-RCTPushNotification (1000.0.0):
    - RCTTypeSafety (= 1000.0.0)
    - React-Codegen (= 1000.0.0)
    - React-Core/RCTPushNotificationHeaders (= 1000.0.0)
    - React-jsi (= 1000.0.0)
    - ReactCommon/turbomodule/core (= 1000.0.0)
  - React-RCTSettings (1000.0.0):
    - RCT-Folly (= 2021.07.22.00)
    - RCTTypeSafety (= 1000.0.0)
    - React-Codegen (= 1000.0.0)
    - React-Core/RCTSettingsHeaders (= 1000.0.0)
    - React-jsi (= 1000.0.0)
    - ReactCommon/turbomodule/core (= 1000.0.0)
  - React-RCTTest (1000.0.0):
    - RCT-Folly (= 2021.07.22.00)
    - React-Core (= 1000.0.0)
    - React-CoreModules (= 1000.0.0)
    - React-jsi (= 1000.0.0)
    - ReactCommon/turbomodule/core (= 1000.0.0)
  - React-RCTText (1000.0.0):
    - React-Core/RCTTextHeaders (= 1000.0.0)
  - React-RCTVibration (1000.0.0):
    - RCT-Folly (= 2021.07.22.00)
    - React-Codegen (= 1000.0.0)
    - React-Core/RCTVibrationHeaders (= 1000.0.0)
    - React-jsi (= 1000.0.0)
    - ReactCommon/turbomodule/core (= 1000.0.0)
  - React-rncore (1000.0.0)
  - React-runtimeexecutor (1000.0.0):
    - React-jsi (= 1000.0.0)
  - ReactCommon/turbomodule/core (1000.0.0):
    - DoubleConversion
    - glog
    - RCT-Folly (= 2021.07.22.00)
    - React-bridging (= 1000.0.0)
    - React-callinvoker (= 1000.0.0)
    - React-Core (= 1000.0.0)
    - React-cxxreact (= 1000.0.0)
    - React-jsi (= 1000.0.0)
    - React-logger (= 1000.0.0)
    - React-perflogger (= 1000.0.0)
  - ReactCommon/turbomodule/samples (1000.0.0):
    - DoubleConversion
    - glog
    - RCT-Folly (= 2021.07.22.00)
    - React-bridging (= 1000.0.0)
    - React-callinvoker (= 1000.0.0)
    - React-Core (= 1000.0.0)
    - React-cxxreact (= 1000.0.0)
    - React-jsi (= 1000.0.0)
    - React-logger (= 1000.0.0)
    - React-perflogger (= 1000.0.0)
    - ReactCommon/turbomodule/core (= 1000.0.0)
  - ScreenshotManager (0.0.1):
    - RCT-Folly (= 2021.07.22.00)
    - React-Core
  - SocketRocket (0.6.0)
  - Yoga (1.14.0)
  - YogaKit (1.18.1):
    - Yoga (~> 1.14)

DEPENDENCIES:
  - boost (from `../../third-party-podspecs/boost.podspec`)
  - DoubleConversion (from `../../third-party-podspecs/DoubleConversion.podspec`)
  - FBLazyVector (from `../../Libraries/FBLazyVector`)
  - FBReactNativeSpec (from `../../React/FBReactNativeSpec`)
  - Flipper (= 0.125.0)
  - Flipper-Boost-iOSX (= 1.76.0.1.11)
  - Flipper-DoubleConversion (= 3.2.0.1)
  - Flipper-Fmt (= 7.1.7)
  - Flipper-Folly (= 2.6.10)
  - Flipper-Glog (= 0.5.0.5)
  - Flipper-PeerTalk (= 0.0.4)
  - Flipper-RSocket (= 1.4.3)
  - FlipperKit (= 0.125.0)
  - FlipperKit/Core (= 0.125.0)
  - FlipperKit/CppBridge (= 0.125.0)
  - FlipperKit/FBCxxFollyDynamicConvert (= 0.125.0)
  - FlipperKit/FBDefines (= 0.125.0)
  - FlipperKit/FKPortForwarding (= 0.125.0)
  - FlipperKit/FlipperKitHighlightOverlay (= 0.125.0)
  - FlipperKit/FlipperKitLayoutPlugin (= 0.125.0)
  - FlipperKit/FlipperKitLayoutTextSearchable (= 0.125.0)
  - FlipperKit/FlipperKitNetworkPlugin (= 0.125.0)
  - FlipperKit/FlipperKitReactPlugin (= 0.125.0)
  - FlipperKit/FlipperKitUserDefaultsPlugin (= 0.125.0)
  - FlipperKit/SKIOSNetworkPlugin (= 0.125.0)
  - glog (from `../../third-party-podspecs/glog.podspec`)
  - hermes-engine (from `../../sdks/hermes/hermes-engine.podspec`)
  - libevent (~> 2.1.12)
  - OpenSSL-Universal (= 1.1.1100)
  - RCT-Folly (from `../../third-party-podspecs/RCT-Folly.podspec`)
  - RCT-Folly/Fabric (from `../../third-party-podspecs/RCT-Folly.podspec`)
  - RCTRequired (from `../../Libraries/RCTRequired`)
  - RCTTypeSafety (from `../../Libraries/TypeSafety`)
  - React (from `../../`)
  - React-bridging (from `../../ReactCommon`)
  - React-callinvoker (from `../../ReactCommon/callinvoker`)
  - React-Codegen (from `build/generated/ios`)
  - React-Core (from `../../`)
  - React-Core/DevSupport (from `../../`)
  - React-Core/RCTWebSocket (from `../../`)
  - React-CoreModules (from `../../React/CoreModules`)
  - React-cxxreact (from `../../ReactCommon/cxxreact`)
  - React-Fabric (from `../../ReactCommon`)
  - React-graphics (from `../../ReactCommon/react/renderer/graphics`)
  - React-hermes (from `../../ReactCommon/hermes`)
  - React-jsi (from `../../ReactCommon/jsi`)
  - React-jsi/Fabric (from `../../ReactCommon/jsi`)
  - React-jsiexecutor (from `../../ReactCommon/jsiexecutor`)
  - React-jsinspector (from `../../ReactCommon/jsinspector`)
  - React-logger (from `../../ReactCommon/logger`)
  - React-perflogger (from `../../ReactCommon/reactperflogger`)
  - React-RCTActionSheet (from `../../Libraries/ActionSheetIOS`)
  - React-RCTAnimation (from `../../Libraries/NativeAnimation`)
  - React-RCTBlob (from `../../Libraries/Blob`)
  - React-RCTFabric (from `../../React`)
  - React-RCTImage (from `../../Libraries/Image`)
  - React-RCTLinking (from `../../Libraries/LinkingIOS`)
  - React-RCTNetwork (from `../../Libraries/Network`)
  - React-RCTPushNotification (from `../../Libraries/PushNotificationIOS`)
  - React-RCTSettings (from `../../Libraries/Settings`)
  - React-RCTTest (from `./RCTTest`)
  - React-RCTText (from `../../Libraries/Text`)
  - React-RCTVibration (from `../../Libraries/Vibration`)
  - React-rncore (from `../../ReactCommon`)
  - React-runtimeexecutor (from `../../ReactCommon/runtimeexecutor`)
  - ReactCommon/turbomodule/core (from `../../ReactCommon`)
  - ReactCommon/turbomodule/samples (from `../../ReactCommon`)
  - ScreenshotManager (from `NativeModuleExample`)
  - Yoga (from `../../ReactCommon/yoga`)

SPEC REPOS:
  trunk:
    - CocoaAsyncSocket
    - Flipper
    - Flipper-Boost-iOSX
    - Flipper-DoubleConversion
    - Flipper-Fmt
    - Flipper-Folly
    - Flipper-Glog
    - Flipper-PeerTalk
    - Flipper-RSocket
    - FlipperKit
    - fmt
    - libevent
    - OpenSSL-Universal
    - SocketRocket
    - YogaKit

EXTERNAL SOURCES:
  boost:
    :podspec: "../../third-party-podspecs/boost.podspec"
  DoubleConversion:
    :podspec: "../../third-party-podspecs/DoubleConversion.podspec"
  FBLazyVector:
    :path: "../../Libraries/FBLazyVector"
  FBReactNativeSpec:
    :path: "../../React/FBReactNativeSpec"
  glog:
    :podspec: "../../third-party-podspecs/glog.podspec"
  hermes-engine:
    :podspec: "../../sdks/hermes/hermes-engine.podspec"
  RCT-Folly:
    :podspec: "../../third-party-podspecs/RCT-Folly.podspec"
  RCTRequired:
    :path: "../../Libraries/RCTRequired"
  RCTTypeSafety:
    :path: "../../Libraries/TypeSafety"
  React:
    :path: "../../"
  React-bridging:
    :path: "../../ReactCommon"
  React-callinvoker:
    :path: "../../ReactCommon/callinvoker"
  React-Codegen:
    :path: build/generated/ios
  React-Core:
    :path: "../../"
  React-CoreModules:
    :path: "../../React/CoreModules"
  React-cxxreact:
    :path: "../../ReactCommon/cxxreact"
  React-Fabric:
    :path: "../../ReactCommon"
  React-graphics:
    :path: "../../ReactCommon/react/renderer/graphics"
  React-hermes:
    :path: "../../ReactCommon/hermes"
  React-jsi:
    :path: "../../ReactCommon/jsi"
  React-jsiexecutor:
    :path: "../../ReactCommon/jsiexecutor"
  React-jsinspector:
    :path: "../../ReactCommon/jsinspector"
  React-logger:
    :path: "../../ReactCommon/logger"
  React-perflogger:
    :path: "../../ReactCommon/reactperflogger"
  React-RCTActionSheet:
    :path: "../../Libraries/ActionSheetIOS"
  React-RCTAnimation:
    :path: "../../Libraries/NativeAnimation"
  React-RCTBlob:
    :path: "../../Libraries/Blob"
  React-RCTFabric:
    :path: "../../React"
  React-RCTImage:
    :path: "../../Libraries/Image"
  React-RCTLinking:
    :path: "../../Libraries/LinkingIOS"
  React-RCTNetwork:
    :path: "../../Libraries/Network"
  React-RCTPushNotification:
    :path: "../../Libraries/PushNotificationIOS"
  React-RCTSettings:
    :path: "../../Libraries/Settings"
  React-RCTTest:
    :path: "./RCTTest"
  React-RCTText:
    :path: "../../Libraries/Text"
  React-RCTVibration:
    :path: "../../Libraries/Vibration"
  React-rncore:
    :path: "../../ReactCommon"
  React-runtimeexecutor:
    :path: "../../ReactCommon/runtimeexecutor"
  ReactCommon:
    :path: "../../ReactCommon"
  ScreenshotManager:
    :path: NativeModuleExample
  Yoga:
    :path: "../../ReactCommon/yoga"

SPEC CHECKSUMS:
  boost: a7c83b31436843459a1961bfd74b96033dc77234
  CocoaAsyncSocket: 065fd1e645c7abab64f7a6a2007a48038fdc6a99
  DoubleConversion: 5189b271737e1565bdce30deb4a08d647e3f5f54
  FBLazyVector: a66d9571f3fbad4b6d182a6e06dc45ad8d152a0a
  FBReactNativeSpec: 9218d50075bb8a1838dfdb71176a751f335e5dcb
  Flipper: 26fc4b7382499f1281eb8cb921e5c3ad6de91fe0
  Flipper-Boost-iOSX: fd1e2b8cbef7e662a122412d7ac5f5bea715403c
  Flipper-DoubleConversion: 2dc99b02f658daf147069aad9dbd29d8feb06d30
  Flipper-Fmt: 60cbdd92fc254826e61d669a5d87ef7015396a9b
  Flipper-Folly: 584845625005ff068a6ebf41f857f468decd26b3
  Flipper-Glog: 70c50ce58ddaf67dc35180db05f191692570f446
  Flipper-PeerTalk: 116d8f857dc6ef55c7a5a75ea3ceaafe878aadc9
  Flipper-RSocket: d9d9ade67cbecf6ac10730304bf5607266dd2541
  FlipperKit: cbdee19bdd4e7f05472a66ce290f1b729ba3cb86
  fmt: ff9d55029c625d3757ed641535fd4a75fedc7ce9
  glog: 04b94705f318337d7ead9e6d17c019bd9b1f6b1b
  hermes-engine: 9693642ce92a72856d25bd9eaa31cb1f73598308
  libevent: 4049cae6c81cdb3654a443be001fb9bdceff7913
  OpenSSL-Universal: ebc357f1e6bc71fa463ccb2fe676756aff50e88c
  RCT-Folly: 0080d0a6ebf2577475bda044aa59e2ca1f909cda
  RCTRequired: 10d14a6a94a9a4fa69dda9ac4eec946671facc5d
  RCTTypeSafety: 57615b1eedc956811ee0289db474deaefc32958b
  React: d414ff4729eeb39aff825b67974504d4f94869c7
  React-bridging: 0fb29dea55410570067d7d3a41fa73682ff9dde5
  React-callinvoker: 11ed2a98be1fe65f1c70d3e6606bfbf2653349b6
  React-Codegen: 5adf19af97eb37a7d441c040521191e446255086
  React-Core: 0a1228d9692cb6b9c39cf62ab70ec8e8dd3a1e7a
  React-CoreModules: e650036af40f9732471fc31b64196391b13405f6
  React-cxxreact: 204f083f4369f2eb2fd3fb2e1fa85906a9040218
  React-Fabric: e1c172ccee120b46ed0214d948e15533a8310996
  React-graphics: b7ffa00a7e7bde0c205e5a88cffbc8c6a5efbdc3
  React-hermes: 3daff03fb9c285e3b16073803d9fce55bd560c6e
  React-jsi: 165249f0d9fd6ca3593971747a87de1617e04eee
  React-jsiexecutor: 95fc13a9b681775fa7535881b68886335a2b03f0
  React-jsinspector: fa730e4eda3b9e6695909238a33f909ad2ff771a
  React-logger: 7778a6c73753ad83b76be5ca9ff86101399a55fe
  React-perflogger: 8c18a3aa91351c4ae3d5bcf7b39499bd36192ee5
  React-RCTActionSheet: f0a72d8de18457ef152a250520dfbe91ae45f5da
  React-RCTAnimation: 222cc4b80a5fb0f63c529e43ee12fc07e10deff0
  React-RCTBlob: cd5c82ebc75820bd300a533f3ddf90c724851adb
  React-RCTFabric: fb5f48c563537382804c4e3aa9b1df0b15f84bdf
  React-RCTImage: 3f27dc232edaec4aa961841be596b4791a0b299b
  React-RCTLinking: 25f8f4184c7ac860940988397c8d0d2fa9640a16
  React-RCTNetwork: ae889b9b7230126973aef3abf2d17b605ccb0c3c
  React-RCTPushNotification: d32c04b5dea2b9696fd8f9d9c39acc002d5d5ee2
  React-RCTSettings: 73d14e854014d1dedc79336422ba3efd0fcafd4f
  React-RCTTest: b3a4c6f7cb32d1b003c458074f82715e3ba00363
  React-RCTText: ade1c9293a5c45c5231e0c5e8253bf62d4df3209
  React-RCTVibration: 15cd197eab3c25be07b2f8a0cb84ff7ec4143c3b
  React-rncore: 1894b9eb209143a05e391abd5d1a32f9ffdced2c
  React-runtimeexecutor: ea56a5a0ea4b122864623713663511a59a121239
  ReactCommon: 4fc512e3e6e8437dc95bf712543d42ace054b158
  ScreenshotManager: 71d047abd38a77310985b87f8136b620c5c61e88
  SocketRocket: fccef3f9c5cedea1353a9ef6ada904fde10d6608
  Yoga: e22e45a4ec2c6aef8698219e4b5ec8de0a0bd2bd
  YogaKit: f782866e155069a2cca2517aafea43200b01fd5a

PODFILE CHECKSUM: 54d9bd86f3c8151531bd4da1d3ba2e2e1f9a6ca9

COCOAPODS: 1.11.3
